<?xml version="1.0" encoding="utf-8"?>
<Project ToolsVersion="4.0" xmlns="http://schemas.microsoft.com/developer/msbuild/2003">
  <ItemGroup>
    <ClInclude Include="src\pch.h" />
    <ClInclude Include="src\model\activation.h" />
    <ClInclude Include="src\model\architecture.h" />
    <ClInclude Include="src\model\dyn_mat.h" />
    <ClInclude Include="src\model\loss.h" />
    <ClInclude Include="src\model\model.h" />
    <ClInclude Include="src\model\runtime_layer.h" />
  </ItemGroup>
  <ItemGroup>
    <ClCompile Include="src\pch.cpp" />
    <ClCompile Include="src\main_xor_gate.cpp" />
  </ItemGroup>
</Project>