<?xml version="1.0" encoding="utf-8"?>
<Project ToolsVersion="4.0" xmlns="http://schemas.microsoft.com/developer/msbuild/2003">
  <ItemGroup>
    <ClInclude Include="src\pch.h" />
    <ClInclude Include="src\model.h" />
    <ClInclude Include="src\activation.h" />
    <ClInclude Include="src\dyn_mat.h" />
    <ClInclude Include="src\loss.h" />
    <ClInclude Include="src\architecture.h" />
  </ItemGroup>
  <ItemGroup>
    <ClCompile Include="src\pch.cpp" />
    <ClCompile Include="src\main_or_gate.cpp" />
  </ItemGroup>
</Project>